
Microsoft Visual Studio Solution File, Format Version 12.00
# Visual Studio 15
VisualStudioVersion = 15.0.28010.2036
MinimumVisualStudioVersion = 10.0.40219.1
Project("{FAE04EC0-301F-11D3-BF4B-00C04F79EFBC}") = "Hello-Skytap", "Hello-Skytap\Hello-Skytap.csproj", "{DCF9B83D-6C86-4A5C-8289-7BE9DBF61749}"
EndProject
Global
	GlobalSection(SolutionConfigurationPlatforms) = preSolution
		Debug|Any CPU = Debug|Any CPU
		Release|Any CPU = Release|Any CPU
	EndGlobalSection
	GlobalSection(ProjectConfigurationPlatforms) = postSolution
		{DCF9B83D-6C86-4A5C-8289-7BE9DBF61749}.Debug|Any CPU.ActiveCfg = Debug|Any CPU
		{DCF9B83D-6C86-4A5C-8289-7BE9DBF61749}.Debug|Any CPU.Build.0 = Debug|Any CPU
		{DCF9B83D-6C86-4A5C-8289-7BE9DBF61749}.Release|Any CPU.ActiveCfg = Release|Any CPU
		{DCF9B83D-6C86-4A5C-8289-7BE9DBF61749}.Release|Any CPU.Build.0 = Release|Any CPU
	EndGlobalSection
	GlobalSection(SolutionProperties) = preSolution
		HideSolutionNode = FALSE
	EndGlobalSection
	GlobalSection(ExtensibilityGlobals) = postSolution
		SolutionGuid = {D34287DC-7EFB-4B2F-A4BA-826A6734353C}
	EndGlobalSection
EndGlobal
